
Microsoft Visual Studio Solution File, Format Version 12.00
# Visual Studio Version 17
VisualStudioVersion = 17.14.36203.30 d17.14
MinimumVisualStudioVersion = 10.0.40219.1
Project("{FAE04EC0-301F-11D3-BF4B-00C04F79EFBC}") = "OrderService.Api", "OrderService.Api\OrderService.Api.csproj", "{A7639184-F5CD-40E3-B258-7AC3F035DBCB}"
EndProject
Project("{FAE04EC0-301F-11D3-BF4B-00C04F79EFBC}") = "OrderService.Worker", "OrderService.Worker\OrderService.Worker.csproj", "{A907DE6F-87C4-4545-B543-673A12CA3547}"
EndProject
Global
	GlobalSection(SolutionConfigurationPlatforms) = preSolution
		Debug|Any CPU = Debug|Any CPU
		Release|Any CPU = Release|Any CPU
	EndGlobalSection
	GlobalSection(ProjectConfigurationPlatforms) = postSolution
		{A7639184-F5CD-40E3-B258-7AC3F035DBCB}.Debug|Any CPU.ActiveCfg = Debug|Any CPU
		{A7639184-F5CD-40E3-B258-7AC3F035DBCB}.Debug|Any CPU.Build.0 = Debug|Any CPU
		{A7639184-F5CD-40E3-B258-7AC3F035DBCB}.Release|Any CPU.ActiveCfg = Release|Any CPU
		{A7639184-F5CD-40E3-B258-7AC3F035DBCB}.Release|Any CPU.Build.0 = Release|Any CPU
		{A907DE6F-87C4-4545-B543-673A12CA3547}.Debug|Any CPU.ActiveCfg = Debug|Any CPU
		{A907DE6F-87C4-4545-B543-673A12CA3547}.Debug|Any CPU.Build.0 = Debug|Any CPU
		{A907DE6F-87C4-4545-B543-673A12CA3547}.Release|Any CPU.ActiveCfg = Release|Any CPU
		{A907DE6F-87C4-4545-B543-673A12CA3547}.Release|Any CPU.Build.0 = Release|Any CPU
	EndGlobalSection
	GlobalSection(SolutionProperties) = preSolution
		HideSolutionNode = FALSE
	EndGlobalSection
	GlobalSection(ExtensibilityGlobals) = postSolution
		SolutionGuid = {1B05B9E2-9265-4888-A6BA-FEEE1878AC68}
	EndGlobalSection
EndGlobal
